{
  "version": 4,
  "terraform_version": "1.7.1",
  "serial": 118,
  "lineage": "557be3dc-3003-49a0-605d-01e11767e58d",
  "outputs": {},
  "resources": [
    {
      "mode": "managed",
      "type": "github_issue_label",
      "name": "issues_labels",
      "provider": "provider[\"registry.terraform.io/integrations/github\"]",
      "instances": [
        {
          "index_key": "dockerfile",
          "schema_version": 0,
          "attributes": {
            "color": "3895AD",
            "description": "",
            "etag": "W/\"4f2ad5951b25a9c67ead75200110ba69ad7bffe24bcc26a5a7750735a3607f15\"",
            "id": "kanban:Dockerfile",
            "name": "Dockerfile",
            "repository": "kanban",
            "url": "https://api.github.com/repos/Chase-Callahan/kanban/labels/Dockerfile"
          },
          "sensitive_attributes": [],
          "private": "bnVsbA==",
          "dependencies": [
            "github_repository.kanban"
          ]
        },
        {
          "index_key": "env-aws",
          "schema_version": 0,
          "attributes": {
            "color": "D3A968",
            "description": "",
            "etag": "W/\"66930242f64b67e3b0a503b5956c6cf905abf81e5fa9d7f773be3b0416f1f1e2\"",
            "id": "kanban:Env:AWS",
            "name": "Env:AWS",
            "repository": "kanban",
            "url": "https://api.github.com/repos/Chase-Callahan/kanban/labels/Env:AWS"
          },
          "sensitive_attributes": [],
          "private": "bnVsbA==",
          "dependencies": [
            "github_repository.kanban"
          ]
        },
        {
          "index_key": "env-local",
          "schema_version": 0,
          "attributes": {
            "color": "0075ca",
            "description": "",
            "etag": "W/\"caf0891c11a3286279d5952c1ce600487a766efe4b55dbf83982389d59af29d4\"",
            "id": "kanban:Env:Local",
            "name": "Env:Local",
            "repository": "kanban",
            "url": "https://api.github.com/repos/Chase-Callahan/kanban/labels/Env:Local"
          },
          "sensitive_attributes": [],
          "private": "bnVsbA==",
          "dependencies": [
            "github_repository.kanban"
          ]
        },
        {
          "index_key": "kind-ci-cd",
          "schema_version": 0,
          "attributes": {
            "color": "FBCA04",
            "description": "",
            "etag": "W/\"592f434e7c8a33cd7a8a237ea30559d02b1d48108c462c3d208a91a8f00e2b93\"",
            "id": "kanban:Kind:CI-CD",
            "name": "Kind:CI-CD",
            "repository": "kanban",
            "url": "https://api.github.com/repos/Chase-Callahan/kanban/labels/Kind:CI-CD"
          },
          "sensitive_attributes": [],
          "private": "bnVsbA==",
          "dependencies": [
            "github_repository.kanban"
          ]
        },
        {
          "index_key": "kind-documentation",
          "schema_version": 0,
          "attributes": {
            "color": "5319E7",
            "description": "",
            "etag": "W/\"cad904493142000c725de109a0761af28e4c91d5c930e66620381a991e1b2724\"",
            "id": "kanban:Kind:Documentation",
            "name": "Kind:Documentation",
            "repository": "kanban",
            "url": "https://api.github.com/repos/Chase-Callahan/kanban/labels/Kind:Documentation"
          },
          "sensitive_attributes": [],
          "private": "bnVsbA==",
          "dependencies": [
            "github_repository.kanban"
          ]
        },
        {
          "index_key": "kind-infrastructure",
          "schema_version": 0,
          "attributes": {
            "color": "B60205",
            "description": "",
            "etag": "W/\"cbec90fbcd32019e05ff5658c583fbfc9c26fe771e09cff81f9b3caf30741ca4\"",
            "id": "kanban:Kind:Infrastructure",
            "name": "Kind:Infrastructure",
            "repository": "kanban",
            "url": "https://api.github.com/repos/Chase-Callahan/kanban/labels/Kind:Infrastructure"
          },
          "sensitive_attributes": [],
          "private": "bnVsbA==",
          "dependencies": [
            "github_repository.kanban"
          ]
        },
        {
          "index_key": "kind-instrumentation",
          "schema_version": 0,
          "attributes": {
            "color": "0E8A16",
            "description": "",
            "etag": "W/\"e38aa9a1c44a57f3597a497bca43b4da49c919d1f38581d618334301ada94017\"",
            "id": "kanban:Kind:Instrumentation",
            "name": "Kind:Instrumentation",
            "repository": "kanban",
            "url": "https://api.github.com/repos/Chase-Callahan/kanban/labels/Kind:Instrumentation"
          },
          "sensitive_attributes": [],
          "private": "bnVsbA==",
          "dependencies": [
            "github_repository.kanban"
          ]
        },
        {
          "index_key": "kind-uncategorized",
          "schema_version": 0,
          "attributes": {
            "color": "D93F0B",
            "description": "",
            "etag": "W/\"e8f8bd54dcec2e0cb7a84b91e288b2b50a51b7c851ebc924a16a108a4a063834\"",
            "id": "kanban:Kind:Uncategorized",
            "name": "Kind:Uncategorized",
            "repository": "kanban",
            "url": "https://api.github.com/repos/Chase-Callahan/kanban/labels/Kind:Uncategorized"
          },
          "sensitive_attributes": [],
          "private": "bnVsbA==",
          "dependencies": [
            "github_repository.kanban"
          ]
        },
        {
          "index_key": "tech-docker",
          "schema_version": 0,
          "attributes": {
            "color": "1D76DB",
            "description": "",
            "etag": "W/\"3dfaaac3591be678d5b78e236c9a5c48ccfeeb40244e4eb04646423ae5764965\"",
            "id": "kanban:Tech:Docker",
            "name": "Tech:Docker",
            "repository": "kanban",
            "url": "https://api.github.com/repos/Chase-Callahan/kanban/labels/Tech:Docker"
          },
          "sensitive_attributes": [],
          "private": "bnVsbA==",
          "dependencies": [
            "github_repository.kanban"
          ]
        },
        {
          "index_key": "tech-docker-compose",
          "schema_version": 0,
          "attributes": {
            "color": "006B75",
            "description": "",
            "etag": "W/\"7a8a34d3309988d3fa588b5ca77e4881b17aa49834237f3b858e27a3167ec39e\"",
            "id": "kanban:Tech:Docker-Compose",
            "name": "Tech:Docker-Compose",
            "repository": "kanban",
            "url": "https://api.github.com/repos/Chase-Callahan/kanban/labels/Tech:Docker-Compose"
          },
          "sensitive_attributes": [],
          "private": "bnVsbA==",
          "dependencies": [
            "github_repository.kanban"
          ]
        },
        {
          "index_key": "tech-elixir",
          "schema_version": 0,
          "attributes": {
            "color": "D9B1FC",
            "description": "",
            "etag": "W/\"c6a91928622aa3c7336f1412a77e317969aa9417b31aa1a844fd506c24a917db\"",
            "id": "kanban:Tech:Elixir",
            "name": "Tech:Elixir",
            "repository": "kanban",
            "url": "https://api.github.com/repos/Chase-Callahan/kanban/labels/Tech:Elixir"
          },
          "sensitive_attributes": [],
          "private": "bnVsbA==",
          "dependencies": [
            "github_repository.kanban"
          ]
        },
        {
          "index_key": "tech-gha",
          "schema_version": 0,
          "attributes": {
            "color": "66FE68",
            "description": "",
            "etag": "W/\"bcee1b77ddd8fa39d76faea623a8b22f32f80c2078e6677b5ae36f832d4ca471\"",
            "id": "kanban:Tech:GHA",
            "name": "Tech:GHA",
            "repository": "kanban",
            "url": "https://api.github.com/repos/Chase-Callahan/kanban/labels/Tech:GHA"
          },
          "sensitive_attributes": [],
          "private": "bnVsbA==",
          "dependencies": [
            "github_repository.kanban"
          ]
        },
        {
          "index_key": "tech-packer",
          "schema_version": 0,
          "attributes": {
            "color": "1D76DB",
            "description": "",
            "etag": "W/\"2231cdfa253522b7f148919dd360c4381b51b3b5e5c554e3d3c5f3cb2c4e1730\"",
            "id": "kanban:Tech:Packer",
            "name": "Tech:Packer",
            "repository": "kanban",
            "url": "https://api.github.com/repos/Chase-Callahan/kanban/labels/Tech:Packer"
          },
          "sensitive_attributes": [],
          "private": "bnVsbA==",
          "dependencies": [
            "github_repository.kanban"
          ]
        },
        {
          "index_key": "tech-sops",
          "schema_version": 0,
          "attributes": {
            "color": "F9D0C4",
            "description": "",
            "etag": "W/\"2d9281ce709ad6b7b063f60d40e16d9f932aad5997b33da350578d9882192717\"",
            "id": "kanban:Tech:SOPS",
            "name": "Tech:SOPS",
            "repository": "kanban",
            "url": "https://api.github.com/repos/Chase-Callahan/kanban/labels/Tech:SOPS"
          },
          "sensitive_attributes": [],
          "private": "bnVsbA==",
          "dependencies": [
            "github_repository.kanban"
          ]
        },
        {
          "index_key": "tech-terraform",
          "schema_version": 0,
          "attributes": {
            "color": "5319A1",
            "description": "",
            "etag": "W/\"b5273b3480c90e1d8792a92bab697f763effa2dc2cf5d73af98e683b20cfa4f0\"",
            "id": "kanban:Tech:Terraform",
            "name": "Tech:Terraform",
            "repository": "kanban",
            "url": "https://api.github.com/repos/Chase-Callahan/kanban/labels/Tech:Terraform"
          },
          "sensitive_attributes": [],
          "private": "bnVsbA==",
          "dependencies": [
            "github_repository.kanban"
          ]
        }
      ]
    },
    {
      "mode": "managed",
      "type": "github_repository",
      "name": "kanban",
      "provider": "provider[\"registry.terraform.io/integrations/github\"]",
      "instances": [
        {
          "schema_version": 1,
          "attributes": {
            "allow_auto_merge": false,
            "allow_merge_commit": true,
            "allow_rebase_merge": true,
            "allow_squash_merge": true,
            "allow_update_branch": false,
            "archive_on_destroy": null,
            "archived": false,
            "auto_init": true,
            "default_branch": "main",
            "delete_branch_on_merge": true,
            "description": "Taking the BEAM to production pragmatically.",
            "etag": "W/\"35919ded593dd7b679ed55613584009aa725b652249c574cca5e060d458d5902\"",
            "full_name": "Chase-Callahan/kanban",
            "git_clone_url": "git://github.com/Chase-Callahan/kanban.git",
            "gitignore_template": "Terraform",
            "has_discussions": false,
            "has_downloads": false,
            "has_issues": true,
            "has_projects": false,
            "has_wiki": false,
            "homepage_url": "",
            "html_url": "https://github.com/Chase-Callahan/kanban",
            "http_clone_url": "https://github.com/Chase-Callahan/kanban.git",
            "id": "kanban",
            "ignore_vulnerability_alerts_during_read": null,
            "is_template": false,
            "license_template": null,
            "merge_commit_message": "PR_TITLE",
            "merge_commit_title": "MERGE_MESSAGE",
            "name": "kanban",
            "node_id": "R_kgDORVDtKg",
            "pages": [],
            "primary_language": "",
            "private": true,
            "repo_id": 1162931498,
            "security_and_analysis": [],
            "squash_merge_commit_message": "COMMIT_MESSAGES",
            "squash_merge_commit_title": "COMMIT_OR_PR_TITLE",
            "ssh_clone_url": "git@github.com:Chase-Callahan/kanban.git",
            "svn_url": "https://github.com/Chase-Callahan/kanban",
            "template": [],
            "topics": [],
            "visibility": "private",
            "vulnerability_alerts": false
          },
          "sensitive_attributes": [],
          "private": "eyJzY2hlbWFfdmVyc2lvbiI6IjEifQ=="
        }
      ]
    },
    {
      "mode": "managed",
      "type": "github_repository_milestone",
      "name": "epics",
      "provider": "provider[\"registry.terraform.io/integrations/github\"]",
      "instances": [
        {
          "index_key": "ci-cd",
          "schema_version": 0,
          "attributes": {
            "description": "  This milestone will include all deliverables that have to do with GitHub   workflows that will perform the basic checks for an Elixir application.   It will also build the Docker image and pull the latest images in   production. ",
            "due_date": "2026-03-01",
            "id": "Chase-Callahan/kanban/3",
            "number": 3,
            "owner": "Chase-Callahan",
            "repository": "kanban",
            "state": "open",
            "title": "Continuous Deployment / Continuous Integration"
          },
          "sensitive_attributes": [],
          "private": "bnVsbA==",
          "dependencies": [
            "github_repository.kanban"
          ]
        },
        {
          "index_key": "documentation",
          "schema_version": 0,
          "attributes": {
            "description": "  This milestone includes documentation for Terraform, Elixir, Packer and   others and will converge with CI when needed. ",
            "due_date": "",
            "id": "Chase-Callahan/kanban/2",
            "number": 2,
            "owner": "Chase-Callahan",
            "repository": "kanban",
            "state": "open",
            "title": "Documentation"
          },
          "sensitive_attributes": [],
          "private": "bnVsbA==",
          "dependencies": [
            "github_repository.kanban"
          ]
        },
        {
          "index_key": "infrastructure",
          "schema_version": 0,
          "attributes": {
            "description": "    This milestone includes all the deliverables related to building the     application (e.g Dockerfile), provisioning AWS, the local environment     and the base AMI with Packer. ",
            "due_date": "2026-03-01",
            "id": "Chase-Callahan/kanban/4",
            "number": 4,
            "owner": "Chase-Callahan",
            "repository": "kanban",
            "state": "open",
            "title": "Infrastructure"
          },
          "sensitive_attributes": [],
          "private": "bnVsbA==",
          "dependencies": [
            "github_repository.kanban"
          ]
        },
        {
          "index_key": "instrumentation",
          "schema_version": 0,
          "attributes": {
            "description": "  This milestone will include all deliverables that have to do with the   addition of basic instrumentation and BEAM specific metrics for your   application. Any task(s) related to instrumentation (independently of   which part of the stack they relate to) will be included in this   milestone. ",
            "due_date": "2026-03-01",
            "id": "Chase-Callahan/kanban/1",
            "number": 1,
            "owner": "Chase-Callahan",
            "repository": "kanban",
            "state": "open",
            "title": "Instrumentation"
          },
          "sensitive_attributes": [],
          "private": "bnVsbA==",
          "dependencies": [
            "github_repository.kanban"
          ]
        },
        {
          "index_key": "uncategorized",
          "schema_version": 0,
          "attributes": {
            "description": "  A milestone to add all issues that do not fit in any of the other   milestones. This is an easy way to track those uncategorized tasks. ",
            "due_date": "",
            "id": "Chase-Callahan/kanban/5",
            "number": 5,
            "owner": "Chase-Callahan",
            "repository": "kanban",
            "state": "open",
            "title": "Uncategorized"
          },
          "sensitive_attributes": [],
          "private": "bnVsbA==",
          "dependencies": [
            "github_repository.kanban"
          ]
        }
      ]
    }
  ],
  "check_results": null
}
