{
  "version": 4,
  "terraform_version": "1.7.1",
  "serial": 162,
  "lineage": "557be3dc-3003-49a0-605d-01e11767e58d",
  "outputs": {},
  "resources": [
    {
      "mode": "managed",
      "type": "github_issue_label",
      "name": "issues_labels",
      "provider": "provider[\"registry.terraform.io/integrations/github\"]",
      "instances": [
        {
          "index_key": "dockerfile",
          "schema_version": 0,
          "attributes": {
            "color": "3895AD",
            "description": "",
            "etag": "W/\"94cdd5ac8c99b97daa833ba139b41e5f6461809ad52faca1bef6bd1ab610ed01\"",
            "id": "kanban:Dockerfile",
            "name": "Dockerfile",
            "repository": "kanban",
            "url": "https://api.github.com/repos/Chase-Callahan/kanban/labels/Dockerfile"
          },
          "sensitive_attributes": [],
          "private": "bnVsbA==",
          "dependencies": [
            "github_repository.kanban"
          ]
        },
        {
          "index_key": "env-aws",
          "schema_version": 0,
          "attributes": {
            "color": "D3A968",
            "description": "",
            "etag": "W/\"140da3da9a92fa7a1f3ea189738554981bc5531e34b1916f3af22c9700eeb319\"",
            "id": "kanban:Env:AWS",
            "name": "Env:AWS",
            "repository": "kanban",
            "url": "https://api.github.com/repos/Chase-Callahan/kanban/labels/Env:AWS"
          },
          "sensitive_attributes": [],
          "private": "bnVsbA==",
          "dependencies": [
            "github_repository.kanban"
          ]
        },
        {
          "index_key": "env-local",
          "schema_version": 0,
          "attributes": {
            "color": "0075ca",
            "description": "",
            "etag": "W/\"89901eb24d4787013fa8c2535bc3f5b61d4ef5b9ec6eed928795ab757fb1f885\"",
            "id": "kanban:Env:Local",
            "name": "Env:Local",
            "repository": "kanban",
            "url": "https://api.github.com/repos/Chase-Callahan/kanban/labels/Env:Local"
          },
          "sensitive_attributes": [],
          "private": "bnVsbA==",
          "dependencies": [
            "github_repository.kanban"
          ]
        },
        {
          "index_key": "kind-ci-cd",
          "schema_version": 0,
          "attributes": {
            "color": "FBCA04",
            "description": "",
            "etag": "W/\"fd7cc16d8e2cfb1e2ad574ecb80a2692929a5cbd35871f4099272e7f976ee694\"",
            "id": "kanban:Kind:CI-CD",
            "name": "Kind:CI-CD",
            "repository": "kanban",
            "url": "https://api.github.com/repos/Chase-Callahan/kanban/labels/Kind:CI-CD"
          },
          "sensitive_attributes": [],
          "private": "bnVsbA==",
          "dependencies": [
            "github_repository.kanban"
          ]
        },
        {
          "index_key": "kind-documentation",
          "schema_version": 0,
          "attributes": {
            "color": "5319E7",
            "description": "",
            "etag": "W/\"ace365c5395ca24a6af36dfcfe98566b5c39381a27137200bfc251d56611b44e\"",
            "id": "kanban:Kind:Documentation",
            "name": "Kind:Documentation",
            "repository": "kanban",
            "url": "https://api.github.com/repos/Chase-Callahan/kanban/labels/Kind:Documentation"
          },
          "sensitive_attributes": [],
          "private": "bnVsbA==",
          "dependencies": [
            "github_repository.kanban"
          ]
        },
        {
          "index_key": "kind-infrastructure",
          "schema_version": 0,
          "attributes": {
            "color": "B60205",
            "description": "",
            "etag": "W/\"553c965bbf93216d9d5d4b8b8f1cda0f3d3b50742bfd945e348fb830514ed4dd\"",
            "id": "kanban:Kind:Infrastructure",
            "name": "Kind:Infrastructure",
            "repository": "kanban",
            "url": "https://api.github.com/repos/Chase-Callahan/kanban/labels/Kind:Infrastructure"
          },
          "sensitive_attributes": [],
          "private": "bnVsbA==",
          "dependencies": [
            "github_repository.kanban"
          ]
        },
        {
          "index_key": "kind-instrumentation",
          "schema_version": 0,
          "attributes": {
            "color": "0E8A16",
            "description": "",
            "etag": "W/\"56d727ef3f988d9d970bbd09a1fa7707acbe184035b38601e227d80c27267a04\"",
            "id": "kanban:Kind:Instrumentation",
            "name": "Kind:Instrumentation",
            "repository": "kanban",
            "url": "https://api.github.com/repos/Chase-Callahan/kanban/labels/Kind:Instrumentation"
          },
          "sensitive_attributes": [],
          "private": "bnVsbA==",
          "dependencies": [
            "github_repository.kanban"
          ]
        },
        {
          "index_key": "kind-uncategorized",
          "schema_version": 0,
          "attributes": {
            "color": "D93F0B",
            "description": "",
            "etag": "W/\"aff66fb90bbd13b8d28ad5c680fcc8875a6a00270e75d458112e6307be9ecb38\"",
            "id": "kanban:Kind:Uncategorized",
            "name": "Kind:Uncategorized",
            "repository": "kanban",
            "url": "https://api.github.com/repos/Chase-Callahan/kanban/labels/Kind:Uncategorized"
          },
          "sensitive_attributes": [],
          "private": "bnVsbA==",
          "dependencies": [
            "github_repository.kanban"
          ]
        },
        {
          "index_key": "tech-docker",
          "schema_version": 0,
          "attributes": {
            "color": "1D76DB",
            "description": "",
            "etag": "W/\"a7124a1a99dc13d2b8d0a42a2fe2e88f0dfdc94e9da33e157f18c415d2782474\"",
            "id": "kanban:Tech:Docker",
            "name": "Tech:Docker",
            "repository": "kanban",
            "url": "https://api.github.com/repos/Chase-Callahan/kanban/labels/Tech:Docker"
          },
          "sensitive_attributes": [],
          "private": "bnVsbA==",
          "dependencies": [
            "github_repository.kanban"
          ]
        },
        {
          "index_key": "tech-docker-compose",
          "schema_version": 0,
          "attributes": {
            "color": "006B75",
            "description": "",
            "etag": "W/\"907630fe4e25a3d72182e3927401ccc3b56a69b55b59eaf1a5e7f1ade24b48ce\"",
            "id": "kanban:Tech:Docker-Compose",
            "name": "Tech:Docker-Compose",
            "repository": "kanban",
            "url": "https://api.github.com/repos/Chase-Callahan/kanban/labels/Tech:Docker-Compose"
          },
          "sensitive_attributes": [],
          "private": "bnVsbA==",
          "dependencies": [
            "github_repository.kanban"
          ]
        },
        {
          "index_key": "tech-elixir",
          "schema_version": 0,
          "attributes": {
            "color": "D9B1FC",
            "description": "",
            "etag": "W/\"75917eff3dd8318dfb653f07900f47fdd964918406458fea82681d22957c2bdb\"",
            "id": "kanban:Tech:Elixir",
            "name": "Tech:Elixir",
            "repository": "kanban",
            "url": "https://api.github.com/repos/Chase-Callahan/kanban/labels/Tech:Elixir"
          },
          "sensitive_attributes": [],
          "private": "bnVsbA==",
          "dependencies": [
            "github_repository.kanban"
          ]
        },
        {
          "index_key": "tech-gha",
          "schema_version": 0,
          "attributes": {
            "color": "66FE68",
            "description": "",
            "etag": "W/\"3a96c41d44258415a40ca5b1d0970978faff0464af1224da8e90a8c045689657\"",
            "id": "kanban:Tech:GHA",
            "name": "Tech:GHA",
            "repository": "kanban",
            "url": "https://api.github.com/repos/Chase-Callahan/kanban/labels/Tech:GHA"
          },
          "sensitive_attributes": [],
          "private": "bnVsbA==",
          "dependencies": [
            "github_repository.kanban"
          ]
        },
        {
          "index_key": "tech-packer",
          "schema_version": 0,
          "attributes": {
            "color": "1D76DB",
            "description": "",
            "etag": "W/\"35b3588b71b658b58995ade29ff9bb3213e1c7d8365627492cb9e3bec968bda9\"",
            "id": "kanban:Tech:Packer",
            "name": "Tech:Packer",
            "repository": "kanban",
            "url": "https://api.github.com/repos/Chase-Callahan/kanban/labels/Tech:Packer"
          },
          "sensitive_attributes": [],
          "private": "bnVsbA==",
          "dependencies": [
            "github_repository.kanban"
          ]
        },
        {
          "index_key": "tech-sops",
          "schema_version": 0,
          "attributes": {
            "color": "F9D0C4",
            "description": "",
            "etag": "W/\"3dcaf42352115be703c095c0de7307da7a4d876026a68041f7ce510c3edcc3a7\"",
            "id": "kanban:Tech:SOPS",
            "name": "Tech:SOPS",
            "repository": "kanban",
            "url": "https://api.github.com/repos/Chase-Callahan/kanban/labels/Tech:SOPS"
          },
          "sensitive_attributes": [],
          "private": "bnVsbA==",
          "dependencies": [
            "github_repository.kanban"
          ]
        },
        {
          "index_key": "tech-terraform",
          "schema_version": 0,
          "attributes": {
            "color": "5319A1",
            "description": "",
            "etag": "W/\"105f1db9ad95caee680cff56e2aa8e4c4a7f75b4c4af22dc110145ce53e0faee\"",
            "id": "kanban:Tech:Terraform",
            "name": "Tech:Terraform",
            "repository": "kanban",
            "url": "https://api.github.com/repos/Chase-Callahan/kanban/labels/Tech:Terraform"
          },
          "sensitive_attributes": [],
          "private": "bnVsbA==",
          "dependencies": [
            "github_repository.kanban"
          ]
        }
      ]
    },
    {
      "mode": "managed",
      "type": "github_repository",
      "name": "kanban",
      "provider": "provider[\"registry.terraform.io/integrations/github\"]",
      "instances": [
        {
          "schema_version": 1,
          "attributes": {
            "allow_auto_merge": false,
            "allow_merge_commit": true,
            "allow_rebase_merge": true,
            "allow_squash_merge": true,
            "allow_update_branch": false,
            "archive_on_destroy": null,
            "archived": false,
            "auto_init": true,
            "default_branch": "main",
            "delete_branch_on_merge": true,
            "description": "Taking the BEAM to production pragmatically.",
            "etag": "W/\"2221b5c8de068fbfa4f9843de51f4b2ec56c302c4ec97ca9b67690f1f1de1ead\"",
            "full_name": "Chase-Callahan/kanban",
            "git_clone_url": "git://github.com/Chase-Callahan/kanban.git",
            "gitignore_template": "Terraform",
            "has_discussions": false,
            "has_downloads": false,
            "has_issues": true,
            "has_projects": false,
            "has_wiki": false,
            "homepage_url": "",
            "html_url": "https://github.com/Chase-Callahan/kanban",
            "http_clone_url": "https://github.com/Chase-Callahan/kanban.git",
            "id": "kanban",
            "ignore_vulnerability_alerts_during_read": null,
            "is_template": false,
            "license_template": null,
            "merge_commit_message": "PR_TITLE",
            "merge_commit_title": "MERGE_MESSAGE",
            "name": "kanban",
            "node_id": "R_kgDORVdEYQ",
            "pages": [],
            "primary_language": "",
            "private": true,
            "repo_id": 1163347041,
            "security_and_analysis": [],
            "squash_merge_commit_message": "COMMIT_MESSAGES",
            "squash_merge_commit_title": "COMMIT_OR_PR_TITLE",
            "ssh_clone_url": "git@github.com:Chase-Callahan/kanban.git",
            "svn_url": "https://github.com/Chase-Callahan/kanban",
            "template": [],
            "topics": [],
            "visibility": "private",
            "vulnerability_alerts": false
          },
          "sensitive_attributes": [],
          "private": "eyJzY2hlbWFfdmVyc2lvbiI6IjEifQ=="
        }
      ]
    },
    {
      "mode": "managed",
      "type": "github_repository_milestone",
      "name": "epics",
      "provider": "provider[\"registry.terraform.io/integrations/github\"]",
      "instances": [
        {
          "index_key": "ci-cd",
          "schema_version": 0,
          "attributes": {
            "description": "  This milestone will include all deliverables that have to do with GitHub   workflows that will perform the basic checks for an Elixir application.   It will also build the Docker image and pull the latest images in   production. ",
            "due_date": "2026-03-01",
            "id": "Chase-Callahan/kanban/2",
            "number": 2,
            "owner": "Chase-Callahan",
            "repository": "kanban",
            "state": "open",
            "title": "Continuous Deployment / Continuous Integration"
          },
          "sensitive_attributes": [],
          "private": "bnVsbA==",
          "dependencies": [
            "github_repository.kanban"
          ]
        },
        {
          "index_key": "documentation",
          "schema_version": 0,
          "attributes": {
            "description": "  This milestone includes documentation for Terraform, Elixir, Packer and   others and will converge with CI when needed. ",
            "due_date": "",
            "id": "Chase-Callahan/kanban/5",
            "number": 5,
            "owner": "Chase-Callahan",
            "repository": "kanban",
            "state": "open",
            "title": "Documentation"
          },
          "sensitive_attributes": [],
          "private": "bnVsbA==",
          "dependencies": [
            "github_repository.kanban"
          ]
        },
        {
          "index_key": "infrastructure",
          "schema_version": 0,
          "attributes": {
            "description": "    This milestone includes all the deliverables related to building the     application (e.g Dockerfile), provisioning AWS, the local environment     and the base AMI with Packer. ",
            "due_date": "2026-03-01",
            "id": "Chase-Callahan/kanban/3",
            "number": 3,
            "owner": "Chase-Callahan",
            "repository": "kanban",
            "state": "open",
            "title": "Infrastructure"
          },
          "sensitive_attributes": [],
          "private": "bnVsbA==",
          "dependencies": [
            "github_repository.kanban"
          ]
        },
        {
          "index_key": "instrumentation",
          "schema_version": 0,
          "attributes": {
            "description": "  This milestone will include all deliverables that have to do with the   addition of basic instrumentation and BEAM specific metrics for your   application. Any task(s) related to instrumentation (independently of   which part of the stack they relate to) will be included in this   milestone. ",
            "due_date": "2026-03-01",
            "id": "Chase-Callahan/kanban/4",
            "number": 4,
            "owner": "Chase-Callahan",
            "repository": "kanban",
            "state": "open",
            "title": "Instrumentation"
          },
          "sensitive_attributes": [],
          "private": "bnVsbA==",
          "dependencies": [
            "github_repository.kanban"
          ]
        },
        {
          "index_key": "uncategorized",
          "schema_version": 0,
          "attributes": {
            "description": "  A milestone to add all issues that do not fit in any of the other   milestones. This is an easy way to track those uncategorized tasks. ",
            "due_date": "",
            "id": "Chase-Callahan/kanban/1",
            "number": 1,
            "owner": "Chase-Callahan",
            "repository": "kanban",
            "state": "open",
            "title": "Uncategorized"
          },
          "sensitive_attributes": [],
          "private": "bnVsbA==",
          "dependencies": [
            "github_repository.kanban"
          ]
        }
      ]
    }
  ],
  "check_results": null
}
